github.com/Logicalis/asn1 v0.0.0-20190312173541-d60463189a56 h1:vuquMR410psHNax14XKNWa0Ae/kYgWJcXi0IFuX60N0=
github.com/Logicalis/asn1 v0.0.0-20190312173541-d60463189a56/go.mod h1:Zb3OT4l0mf7P/GOs2w2Ilj5sdm5Whoq3pa24dAEBHFc=
github.com/PromonLogicalis/asn1 v0.0.0-20190312173541-d60463189a56 h1:zL3Ph7RCZadAPb7QV0gMIDmjuZHFawNhoPZ5erh6TRw=
github.com/PromonLogicalis/asn1 v0.0.0-20190312173541-d60463189a56/go.mod h1:nE9BGpMlMfM9Z3U+P+mWtcHNDwHcGctalMx1VTkODAY=
golang.org/x/crypto v0.57.0 h1:3ZVCjf8Ggz7zneR/EHRVx68Ctf+2pmIMP2UFhh9cC6M=
golang.org/x/crypto v0.57.0/go.mod h1:Fdz0i5U6CoizGwLda9DttjSk6qlZo25zYNtR+ycvuZA=
